{
  "originHash" : "64cf4d9afb2554e4725ce953968eec39013623e6aff0103d613da393dab44d3c",
  "pins" : [
    {
      "identity" : "cserrors",
      "kind" : "remoteSourceControl",
      "location" : "https://github.com/CharlesJS/CSErrors",
      "state" : {
        "revision" : "776b7813f14e4618701b3c4f33c7ff27be53dfc0",
        "version" : "2.0.0"
      }
    },
    {
      "identity" : "csfileinfo",
      "kind" : "remoteSourceControl",
      "location" : "https://github.com/CharlesJS/CSFileInfo",
      "state" : {
        "revision" : "25a6944d7249e4d3659df097c9dd3e2ca24c0256",
        "version" : "0.5.0"
      }
    },
    {
      "identity" : "dataparser",
      "kind" : "remoteSourceControl",
      "location" : "https://github.com/CharlesJS/DataParser",
      "state" : {
        "revision" : "cac5f86aa5662c7cd7a9ec24758924975fcc1f32",
        "version" : "0.5.0"
      }
    },
    {
      "identity" : "hfstypeconversion",
      "kind" : "remoteSourceControl",
      "location" : "https://github.com/CharlesJS/HFSTypeConversion",
      "state" : {
        "revision" : "98602ed31ab4299a749cb258ee2557518144b16a",
        "version" : "0.1.3"
      }
    },
    {
      "identity" : "swift-extras-base64",
      "kind" : "remoteSourceControl",
      "location" : "https://github.com/swift-extras/swift-extras-base64.git",
      "state" : {
        "revision" : "97237cf1bc1feebaeb0febec91c1e1b9e4d839b3",
        "version" : "0.7.0"
      }
    },
    {
      "identity" : "syncpolyfill",
      "kind" : "remoteSourceControl",
      "location" : "https://github.com/CharlesJS/SyncPolyfill",
      "state" : {
        "revision" : "aa37b7f0d80031c0081aa3a8de7e0fee5717f806",
        "version" : "0.1.0"
      }
    }
  ],
  "version" : 3
}
